
Microsoft Visual Studio Solution File, Format Version 12.00
# Visual Studio Version 17
VisualStudioVersion = 17.1.32319.34
MinimumVisualStudioVersion = 10.0.40219.1
Project("{FAE04EC0-301F-11D3-BF4B-00C04F79EFBC}") = "asal", "asal\asal.csproj", "{32B855F2-704F-4F44-B035-5FA7D2B20300}"
EndProject
Global
	GlobalSection(SolutionConfigurationPlatforms) = preSolution
		Debug|Any CPU = Debug|Any CPU
		Release|Any CPU = Release|Any CPU
	EndGlobalSection
	GlobalSection(ProjectConfigurationPlatforms) = postSolution
		{32B855F2-704F-4F44-B035-5FA7D2B20300}.Debug|Any CPU.ActiveCfg = Debug|Any CPU
		{32B855F2-704F-4F44-B035-5FA7D2B20300}.Debug|Any CPU.Build.0 = Debug|Any CPU
		{32B855F2-704F-4F44-B035-5FA7D2B20300}.Release|Any CPU.ActiveCfg = Release|Any CPU
		{32B855F2-704F-4F44-B035-5FA7D2B20300}.Release|Any CPU.Build.0 = Release|Any CPU
	EndGlobalSection
	GlobalSection(SolutionProperties) = preSolution
		HideSolutionNode = FALSE
	EndGlobalSection
	GlobalSection(ExtensibilityGlobals) = postSolution
		SolutionGuid = {01044E2A-027C-4AC6-9BA8-709636380C45}
	EndGlobalSection
EndGlobal
